
Microsoft Visual Studio Solution File, Format Version 12.00
# Visual Studio Version 17
VisualStudioVersion = 17.7.34003.232
MinimumVisualStudioVersion = 10.0.40219.1
Project("{9A19103F-16F7-4668-BE54-9A1E7A4F7556}") = "PAI_USA", "PAI_USA\PAI_USA.csproj", "{87BC1FCB-FFC7-4BDA-9674-B2FF040D11CA}"
EndProject
Global
	GlobalSection(SolutionConfigurationPlatforms) = preSolution
		Debug|Any CPU = Debug|Any CPU
		Release|Any CPU = Release|Any CPU
	EndGlobalSection
	GlobalSection(ProjectConfigurationPlatforms) = postSolution
		{87BC1FCB-FFC7-4BDA-9674-B2FF040D11CA}.Debug|Any CPU.ActiveCfg = Debug|Any CPU
		{87BC1FCB-FFC7-4BDA-9674-B2FF040D11CA}.Debug|Any CPU.Build.0 = Debug|Any CPU
		{87BC1FCB-FFC7-4BDA-9674-B2FF040D11CA}.Release|Any CPU.ActiveCfg = Release|Any CPU
		{87BC1FCB-FFC7-4BDA-9674-B2FF040D11CA}.Release|Any CPU.Build.0 = Release|Any CPU
	EndGlobalSection
	GlobalSection(SolutionProperties) = preSolution
		HideSolutionNode = FALSE
	EndGlobalSection
	GlobalSection(ExtensibilityGlobals) = postSolution
		SolutionGuid = {FEDEC532-81B2-4A56-9F03-BF08006CD3BC}
	EndGlobalSection
EndGlobal
